
Microsoft Visual Studio Solution File, Format Version 12.00
# Visual Studio Version 17
VisualStudioVersion = 17.7.34202.233
MinimumVisualStudioVersion = 10.0.40219.1
Project("{FAE04EC0-301F-11D3-BF4B-00C04F79EFBC}") = "ApiRestBilling", "ApiRestBilling\ApiRestBilling.csproj", "{307365C6-453D-4252-A351-E27A91A04443}"
EndProject
Global
	GlobalSection(SolutionConfigurationPlatforms) = preSolution
		Debug|Any CPU = Debug|Any CPU
		Release|Any CPU = Release|Any CPU
	EndGlobalSection
	GlobalSection(ProjectConfigurationPlatforms) = postSolution
		{307365C6-453D-4252-A351-E27A91A04443}.Debug|Any CPU.ActiveCfg = Debug|Any CPU
		{307365C6-453D-4252-A351-E27A91A04443}.Debug|Any CPU.Build.0 = Debug|Any CPU
		{307365C6-453D-4252-A351-E27A91A04443}.Release|Any CPU.ActiveCfg = Release|Any CPU
		{307365C6-453D-4252-A351-E27A91A04443}.Release|Any CPU.Build.0 = Release|Any CPU
	EndGlobalSection
	GlobalSection(SolutionProperties) = preSolution
		HideSolutionNode = FALSE
	EndGlobalSection
	GlobalSection(ExtensibilityGlobals) = postSolution
		SolutionGuid = {B6443CAB-F0FE-4D36-8E57-A4E94B0BC3FD}
	EndGlobalSection
EndGlobal
